// !$*UTF8*$!
{
	archiveVersion = 1;
	classes = {
	};
	objectVersion = 50;
	objects = {

/* Begin PBXBuildFile section */
		6C14882022687132009E8845 /* SingleController.swift in Sources */ = {isa = PBXBuildFile; fileRef = 6C14881F22687132009E8845 /* SingleController.swift */; };
		6C14882422687262009E8845 /* MultipleCell.swift in Sources */ = {isa = PBXBuildFile; fileRef = 6C14882322687262009E8845 /* MultipleCell.swift */; };
		6C1E4C4E226965C9000469B8 /* ViewController.swift in Sources */ = {isa = PBXBuildFile; fileRef = 6C1E4C4D226965C9000469B8 /* ViewController.swift */; };
		6C1E4C5022696AC5000469B8 /* MultipleController.swift in Sources */ = {isa = PBXBuildFile; fileRef = 6C1E4C4F22696AC5000469B8 /* MultipleController.swift */; };
		6CEEB2232255AF53001FBCB0 /* AppDelegate.swift in Sources */ = {isa = PBXBuildFile; fileRef = 6CEEB2222255AF53001FBCB0 /* AppDelegate.swift */; };
		6CEEB2282255AF53001FBCB0 /* Main.storyboard in Resources */ = {isa = PBXBuildFile; fileRef = 6CEEB2262255AF53001FBCB0 /* Main.storyboard */; };
		6CEEB22A2255AF54001FBCB0 /* Assets.xcassets in Resources */ = {isa = PBXBuildFile; fileRef = 6CEEB2292255AF54001FBCB0 /* Assets.xcassets */; };
		6CEEB22D2255AF54001FBCB0 /* LaunchScreen.storyboard in Resources */ = {isa = PBXBuildFile; fileRef = 6CEEB22B2255AF54001FBCB0 /* LaunchScreen.storyboard */; };
		6CEEB2362255B923001FBCB0 /* DLManager.swift in Sources */ = {isa = PBXBuildFile; fileRef = 6CEEB2352255B923001FBCB0 /* DLManager.swift */; };
		6CEEB23A2255BBA8001FBCB0 /* DLTask.swift in Sources */ = {isa = PBXBuildFile; fileRef = 6CEEB2392255BBA8001FBCB0 /* DLTask.swift */; };
		6CEEB23C2255BD96001FBCB0 /* DLManager_delegate.swift in Sources */ = {isa = PBXBuildFile; fileRef = 6CEEB23B2255BD96001FBCB0 /* DLManager_delegate.swift */; };
		6CEEB23E2255DCEA001FBCB0 /* DLFIleManager.swift in Sources */ = {isa = PBXBuildFile; fileRef = 6CEEB23D2255DCEA001FBCB0 /* DLFIleManager.swift */; };
/* End PBXBuildFile section */

/* Begin PBXFileReference section */
		6C14881F22687132009E8845 /* SingleController.swift */ = {isa = PBXFileReference; lastKnownFileType = sourcecode.swift; path = SingleController.swift; sourceTree = "<group>"; };
		6C14882322687262009E8845 /* MultipleCell.swift */ = {isa = PBXFileReference; lastKnownFileType = sourcecode.swift; path = MultipleCell.swift; sourceTree = "<group>"; };
		6C1E4C4D226965C9000469B8 /* ViewController.swift */ = {isa = PBXFileReference; lastKnownFileType = sourcecode.swift; path = ViewController.swift; sourceTree = "<group>"; };
		6C1E4C4F22696AC5000469B8 /* MultipleController.swift */ = {isa = PBXFileReference; lastKnownFileType = sourcecode.swift; path = MultipleController.swift; sourceTree = "<group>"; };
		6CEEB21F2255AF53001FBCB0 /* DownLoader.app */ = {isa = PBXFileReference; explicitFileType = wrapper.application; includeInIndex = 0; path = DownLoader.app; sourceTree = BUILT_PRODUCTS_DIR; };
		6CEEB2222255AF53001FBCB0 /* AppDelegate.swift */ = {isa = PBXFileReference; lastKnownFileType = sourcecode.swift; path = AppDelegate.swift; sourceTree = "<group>"; };
		6CEEB2272255AF53001FBCB0 /* Base */ = {isa = PBXFileReference; lastKnownFileType = file.storyboard; name = Base; path = Base.lproj/Main.storyboard; sourceTree = "<group>"; };
		6CEEB2292255AF54001FBCB0 /* Assets.xcassets */ = {isa = PBXFileReference; lastKnownFileType = folder.assetcatalog; path = Assets.xcassets; sourceTree = "<group>"; };
		6CEEB22C2255AF54001FBCB0 /* Base */ = {isa = PBXFileReference; lastKnownFileType = file.storyboard; name = Base; path = Base.lproj/LaunchScreen.storyboard; sourceTree = "<group>"; };
		6CEEB22E2255AF54001FBCB0 /* Info.plist */ = {isa = PBXFileReference; lastKnownFileType = text.plist.xml; path = Info.plist; sourceTree = "<group>"; };
		6CEEB2352255B923001FBCB0 /* DLManager.swift */ = {isa = PBXFileReference; lastKnownFileType = sourcecode.swift; path = DLManager.swift; sourceTree = "<group>"; };
		6CEEB2392255BBA8001FBCB0 /* DLTask.swift */ = {isa = PBXFileReference; lastKnownFileType = sourcecode.swift; path = DLTask.swift; sourceTree = "<group>"; };
		6CEEB23B2255BD96001FBCB0 /* DLManager_delegate.swift */ = {isa = PBXFileReference; lastKnownFileType = sourcecode.swift; path = DLManager_delegate.swift; sourceTree = "<group>"; };
		6CEEB23D2255DCEA001FBCB0 /* DLFIleManager.swift */ = {isa = PBXFileReference; lastKnownFileType = sourcecode.swift; path = DLFIleManager.swift; sourceTree = "<group>"; };
/* End PBXFileReference section */

/* Begin PBXFrameworksBuildPhase section */
		6CEEB21C2255AF53001FBCB0 /* Frameworks */ = {
			isa = PBXFrameworksBuildPhase;
			buildActionMask = 2147483647;
			files = (
			);
			runOnlyForDeploymentPostprocessing = 0;
		};
/* End PBXFrameworksBuildPhase section */

/* Begin PBXGroup section */
		6C14881E2268711F009E8845 /* Demos */ = {
			isa = PBXGroup;
			children = (
				6C14881F22687132009E8845 /* SingleController.swift */,
				6C1E4C4F22696AC5000469B8 /* MultipleController.swift */,
				6C14882322687262009E8845 /* MultipleCell.swift */,
			);
			path = Demos;
			sourceTree = "<group>";
		};
		6CEEB2162255AF53001FBCB0 = {
			isa = PBXGroup;
			children = (
				6CEEB2212255AF53001FBCB0 /* DownLoader */,
				6CEEB2202255AF53001FBCB0 /* Products */,
			);
			sourceTree = "<group>";
		};
		6CEEB2202255AF53001FBCB0 /* Products */ = {
			isa = PBXGroup;
			children = (
				6CEEB21F2255AF53001FBCB0 /* DownLoader.app */,
			);
			name = Products;
			sourceTree = "<group>";
		};
		6CEEB2212255AF53001FBCB0 /* DownLoader */ = {
			isa = PBXGroup;
			children = (
				6CEEB2342255B905001FBCB0 /* DownLoader */,
				6CEEB2222255AF53001FBCB0 /* AppDelegate.swift */,
				6C14881E2268711F009E8845 /* Demos */,
				6CEEB2262255AF53001FBCB0 /* Main.storyboard */,
				6C1E4C4D226965C9000469B8 /* ViewController.swift */,
				6CEEB2292255AF54001FBCB0 /* Assets.xcassets */,
				6CEEB22B2255AF54001FBCB0 /* LaunchScreen.storyboard */,
				6CEEB22E2255AF54001FBCB0 /* Info.plist */,
			);
			path = DownLoader;
			sourceTree = "<group>";
		};
		6CEEB2342255B905001FBCB0 /* DownLoader */ = {
			isa = PBXGroup;
			children = (
				6CEEB2352255B923001FBCB0 /* DLManager.swift */,
				6CEEB23B2255BD96001FBCB0 /* DLManager_delegate.swift */,
				6CEEB2392255BBA8001FBCB0 /* DLTask.swift */,
				6CEEB23D2255DCEA001FBCB0 /* DLFIleManager.swift */,
			);
			path = DownLoader;
			sourceTree = "<group>";
		};
/* End PBXGroup section */

/* Begin PBXNativeTarget section */
		6CEEB21E2255AF53001FBCB0 /* DownLoader */ = {
			isa = PBXNativeTarget;
			buildConfigurationList = 6CEEB2312255AF54001FBCB0 /* Build configuration list for PBXNativeTarget "DownLoader" */;
			buildPhases = (
				6CEEB21B2255AF53001FBCB0 /* Sources */,
				6CEEB21C2255AF53001FBCB0 /* Frameworks */,
				6CEEB21D2255AF53001FBCB0 /* Resources */,
			);
			buildRules = (
			);
			dependencies = (
			);
			name = DownLoader;
			productName = DownLoader;
			productReference = 6CEEB21F2255AF53001FBCB0 /* DownLoader.app */;
			productType = "com.apple.product-type.application";
		};
/* End PBXNativeTarget section */

/* Begin PBXProject section */
		6CEEB2172255AF53001FBCB0 /* Project object */ = {
			isa = PBXProject;
			attributes = {
				LastSwiftUpdateCheck = 1020;
				LastUpgradeCheck = 1020;
				ORGANIZATIONNAME = "江涛";
				TargetAttributes = {
					6CEEB21E2255AF53001FBCB0 = {
						CreatedOnToolsVersion = 10.2;
					};
				};
			};
			buildConfigurationList = 6CEEB21A2255AF53001FBCB0 /* Build configuration list for PBXProject "DownLoader" */;
			compatibilityVersion = "Xcode 9.3";
			developmentRegion = en;
			hasScannedForEncodings = 0;
			knownRegions = (
				en,
				Base,
			);
			mainGroup = 6CEEB2162255AF53001FBCB0;
			productRefGroup = 6CEEB2202255AF53001FBCB0 /* Products */;
			projectDirPath = "";
			projectRoot = "";
			targets = (
				6CEEB21E2255AF53001FBCB0 /* DownLoader */,
			);
		};
/* End PBXProject section */

/* Begin PBXResourcesBuildPhase section */
		6CEEB21D2255AF53001FBCB0 /* Resources */ = {
			isa = PBXResourcesBuildPhase;
			buildActionMask = 2147483647;
			files = (
				6CEEB22D2255AF54001FBCB0 /* LaunchScreen.storyboard in Resources */,
				6CEEB22A2255AF54001FBCB0 /* Assets.xcassets in Resources */,
				6CEEB2282255AF53001FBCB0 /* Main.storyboard in Resources */,
			);
			runOnlyForDeploymentPostprocessing = 0;
		};
/* End PBXResourcesBuildPhase section */

/* Begin PBXSourcesBuildPhase section */
		6CEEB21B2255AF53001FBCB0 /* Sources */ = {
			isa = PBXSourcesBuildPhase;
			buildActionMask = 2147483647;
			files = (
				6C1E4C4E226965C9000469B8 /* ViewController.swift in Sources */,
				6CEEB23C2255BD96001FBCB0 /* DLManager_delegate.swift in Sources */,
				6CEEB2232255AF53001FBCB0 /* AppDelegate.swift in Sources */,
				6C14882422687262009E8845 /* MultipleCell.swift in Sources */,
				6CEEB23A2255BBA8001FBCB0 /* DLTask.swift in Sources */,
				6CEEB2362255B923001FBCB0 /* DLManager.swift in Sources */,
				6C14882022687132009E8845 /* SingleController.swift in Sources */,
				6CEEB23E2255DCEA001FBCB0 /* DLFIleManager.swift in Sources */,
				6C1E4C5022696AC5000469B8 /* MultipleController.swift in Sources */,
			);
			runOnlyForDeploymentPostprocessing = 0;
		};
/* End PBXSourcesBuildPhase section */

/* Begin PBXVariantGroup section */
		6CEEB2262255AF53001FBCB0 /* Main.storyboard */ = {
			isa = PBXVariantGroup;
			children = (
				6CEEB2272255AF53001FBCB0 /* Base */,
			);
			name = Main.storyboard;
			sourceTree = "<group>";
		};
		6CEEB22B2255AF54001FBCB0 /* LaunchScreen.storyboard */ = {
			isa = PBXVariantGroup;
			children = (
				6CEEB22C2255AF54001FBCB0 /* Base */,
			);
			name = LaunchScreen.storyboard;
			sourceTree = "<group>";
		};
/* End PBXVariantGroup section */

/* Begin XCBuildConfiguration section */
		6CEEB22F2255AF54001FBCB0 /* Debug */ = {
			isa = XCBuildConfiguration;
			buildSettings = {
				ALWAYS_SEARCH_USER_PATHS = NO;
				CLANG_ANALYZER_NONNULL = YES;
				CLANG_ANALYZER_NUMBER_OBJECT_CONVERSION = YES_AGGRESSIVE;
				CLANG_CXX_LANGUAGE_STANDARD = "gnu++14";
				CLANG_CXX_LIBRARY = "libc++";
				CLANG_ENABLE_MODULES = YES;
				CLANG_ENABLE_OBJC_ARC = YES;
				CLANG_ENABLE_OBJC_WEAK = YES;
				CLANG_WARN_BLOCK_CAPTURE_AUTORELEASING = YES;
				CLANG_WARN_BOOL_CONVERSION = YES;
				CLANG_WARN_COMMA = YES;
				CLANG_WARN_CONSTANT_CONVERSION = YES;
				CLANG_WARN_DEPRECATED_OBJC_IMPLEMENTATIONS = YES;
				CLANG_WARN_DIRECT_OBJC_ISA_USAGE = YES_ERROR;
				CLANG_WARN_DOCUMENTATION_COMMENTS = YES;
				CLANG_WARN_EMPTY_BODY = YES;
				CLANG_WARN_ENUM_CONVERSION = YES;
				CLANG_WARN_INFINITE_RECURSION = YES;
				CLANG_WARN_INT_CONVERSION = YES;
				CLANG_WARN_NON_LITERAL_NULL_CONVERSION = YES;
				CLANG_WARN_OBJC_IMPLICIT_RETAIN_SELF = YES;
				CLANG_WARN_OBJC_LITERAL_CONVERSION = YES;
				CLANG_WARN_OBJC_ROOT_CLASS = YES_ERROR;
				CLANG_WARN_RANGE_LOOP_ANALYSIS = YES;
				CLANG_WARN_STRICT_PROTOTYPES = YES;
				CLANG_WARN_SUSPICIOUS_MOVE = YES;
				CLANG_WARN_UNGUARDED_AVAILABILITY = YES_AGGRESSIVE;
				CLANG_WARN_UNREACHABLE_CODE = YES;
				CLANG_WARN__DUPLICATE_METHOD_MATCH = YES;
				CODE_SIGN_IDENTITY = "iPhone Developer";
				COPY_PHASE_STRIP = NO;
				DEBUG_INFORMATION_FORMAT = dwarf;
				ENABLE_STRICT_OBJC_MSGSEND = YES;
				ENABLE_TESTABILITY = YES;
				GCC_C_LANGUAGE_STANDARD = gnu11;
				GCC_DYNAMIC_NO_PIC = NO;
				GCC_NO_COMMON_BLOCKS = YES;
				GCC_OPTIMIZATION_LEVEL = 0;
				GCC_PREPROCESSOR_DEFINITIONS = (
					"DEBUG=1",
					"$(inherited)",
				);
				GCC_WARN_64_TO_32_BIT_CONVERSION = YES;
				GCC_WARN_ABOUT_RETURN_TYPE = YES_ERROR;
				GCC_WARN_UNDECLARED_SELECTOR = YES;
				GCC_WARN_UNINITIALIZED_AUTOS = YES_AGGRESSIVE;
				GCC_WARN_UNUSED_FUNCTION = YES;
				GCC_WARN_UNUSED_VARIABLE = YES;
				IPHONEOS_DEPLOYMENT_TARGET = 12.2;
				MTL_ENABLE_DEBUG_INFO = INCLUDE_SOURCE;
				MTL_FAST_MATH = YES;
				ONLY_ACTIVE_ARCH = YES;
				SDKROOT = iphoneos;
				SWIFT_ACTIVE_COMPILATION_CONDITIONS = DEBUG;
				SWIFT_OPTIMIZATION_LEVEL = "-Onone";
			};
			name = Debug;
		};
		6CEEB2302255AF54001FBCB0 /* Release */ = {
			isa = XCBuildConfiguration;
			buildSettings = {
				ALWAYS_SEARCH_USER_PATHS = NO;
				CLANG_ANALYZER_NONNULL = YES;
				CLANG_ANALYZER_NUMBER_OBJECT_CONVERSION = YES_AGGRESSIVE;
				CLANG_CXX_LANGUAGE_STANDARD = "gnu++14";
				CLANG_CXX_LIBRARY = "libc++";
				CLANG_ENABLE_MODULES = YES;
				CLANG_ENABLE_OBJC_ARC = YES;
				CLANG_ENABLE_OBJC_WEAK = YES;
				CLANG_WARN_BLOCK_CAPTURE_AUTORELEASING = YES;
				CLANG_WARN_BOOL_CONVERSION = YES;
				CLANG_WARN_COMMA = YES;
				CLANG_WARN_CONSTANT_CONVERSION = YES;
				CLANG_WARN_DEPRECATED_OBJC_IMPLEMENTATIONS = YES;
				CLANG_WARN_DIRECT_OBJC_ISA_USAGE = YES_ERROR;
				CLANG_WARN_DOCUMENTATION_COMMENTS = YES;
				CLANG_WARN_EMPTY_BODY = YES;
				CLANG_WARN_ENUM_CONVERSION = YES;
				CLANG_WARN_INFINITE_RECURSION = YES;
				CLANG_WARN_INT_CONVERSION = YES;
				CLANG_WARN_NON_LITERAL_NULL_CONVERSION = YES;
				CLANG_WARN_OBJC_IMPLICIT_RETAIN_SELF = YES;
				CLANG_WARN_OBJC_LITERAL_CONVERSION = YES;
				CLANG_WARN_OBJC_ROOT_CLASS = YES_ERROR;
				CLANG_WARN_RANGE_LOOP_ANALYSIS = YES;
				CLANG_WARN_STRICT_PROTOTYPES = YES;
				CLANG_WARN_SUSPICIOUS_MOVE = YES;
				CLANG_WARN_UNGUARDED_AVAILABILITY = YES_AGGRESSIVE;
				CLANG_WARN_UNREACHABLE_CODE = YES;
				CLANG_WARN__DUPLICATE_METHOD_MATCH = YES;
				CODE_SIGN_IDENTITY = "iPhone Developer";
				COPY_PHASE_STRIP = NO;
				DEBUG_INFORMATION_FORMAT = "dwarf-with-dsym";
				ENABLE_NS_ASSERTIONS = NO;
				ENABLE_STRICT_OBJC_MSGSEND = YES;
				GCC_C_LANGUAGE_STANDARD = gnu11;
				GCC_NO_COMMON_BLOCKS = YES;
				GCC_WARN_64_TO_32_BIT_CONVERSION = YES;
				GCC_WARN_ABOUT_RETURN_TYPE = YES_ERROR;
				GCC_WARN_UNDECLARED_SELECTOR = YES;
				GCC_WARN_UNINITIALIZED_AUTOS = YES_AGGRESSIVE;
				GCC_WARN_UNUSED_FUNCTION = YES;
				GCC_WARN_UNUSED_VARIABLE = YES;
				IPHONEOS_DEPLOYMENT_TARGET = 12.2;
				MTL_ENABLE_DEBUG_INFO = NO;
				MTL_FAST_MATH = YES;
				SDKROOT = iphoneos;
				SWIFT_COMPILATION_MODE = wholemodule;
				SWIFT_OPTIMIZATION_LEVEL = "-O";
				VALIDATE_PRODUCT = YES;
			};
			name = Release;
		};
		6CEEB2322255AF54001FBCB0 /* Debug */ = {
			isa = XCBuildConfiguration;
			buildSettings = {
				ASSETCATALOG_COMPILER_APPICON_NAME = AppIcon;
				CODE_SIGN_STYLE = Automatic;
				DEVELOPMENT_TEAM = KL3TMC97YB;
				INFOPLIST_FILE = DownLoader/Info.plist;
				LD_RUNPATH_SEARCH_PATHS = (
					"$(inherited)",
					"@executable_path/Frameworks",
				);
				PRODUCT_BUNDLE_IDENTIFIER = com.taoJiang.DownLoader;
				PRODUCT_NAME = "$(TARGET_NAME)";
				SWIFT_VERSION = 5.0;
				TARGETED_DEVICE_FAMILY = "1,2";
			};
			name = Debug;
		};
		6CEEB2332255AF54001FBCB0 /* Release */ = {
			isa = XCBuildConfiguration;
			buildSettings = {
				ASSETCATALOG_COMPILER_APPICON_NAME = AppIcon;
				CODE_SIGN_STYLE = Automatic;
				DEVELOPMENT_TEAM = KL3TMC97YB;
				INFOPLIST_FILE = DownLoader/Info.plist;
				LD_RUNPATH_SEARCH_PATHS = (
					"$(inherited)",
					"@executable_path/Frameworks",
				);
				PRODUCT_BUNDLE_IDENTIFIER = com.taoJiang.DownLoader;
				PRODUCT_NAME = "$(TARGET_NAME)";
				SWIFT_VERSION = 5.0;
				TARGETED_DEVICE_FAMILY = "1,2";
			};
			name = Release;
		};
/* End XCBuildConfiguration section */

/* Begin XCConfigurationList section */
		6CEEB21A2255AF53001FBCB0 /* Build configuration list for PBXProject "DownLoader" */ = {
			isa = XCConfigurationList;
			buildConfigurations = (
				6CEEB22F2255AF54001FBCB0 /* Debug */,
				6CEEB2302255AF54001FBCB0 /* Release */,
			);
			defaultConfigurationIsVisible = 0;
			defaultConfigurationName = Release;
		};
		6CEEB2312255AF54001FBCB0 /* Build configuration list for PBXNativeTarget "DownLoader" */ = {
			isa = XCConfigurationList;
			buildConfigurations = (
				6CEEB2322255AF54001FBCB0 /* Debug */,
				6CEEB2332255AF54001FBCB0 /* Release */,
			);
			defaultConfigurationIsVisible = 0;
			defaultConfigurationName = Release;
		};
/* End XCConfigurationList section */
	};
	rootObject = 6CEEB2172255AF53001FBCB0 /* Project object */;
}
